// !$*UTF8*$!
{
	archiveVersion = 1;
	classes = {
	};
	objectVersion = 50;
	objects = {

/* Begin PBXBuildFile section */
		8AF3E22E2075A8DB00742B15 /* AppDelegate.swift in Sources */ = {isa = PBXBuildFile; fileRef = 8AF3E22D2075A8DB00742B15 /* AppDelegate.swift */; };
		8AF3E2302075A8DB00742B15 /* ViewController.swift in Sources */ = {isa = PBXBuildFile; fileRef = 8AF3E22F2075A8DB00742B15 /* ViewController.swift */; };
		8AF3E2332075A8DB00742B15 /* Main.storyboard in Resources */ = {isa = PBXBuildFile; fileRef = 8AF3E2312075A8DB00742B15 /* Main.storyboard */; };
		8AF3E2352075A8DC00742B15 /* Assets.xcassets in Resources */ = {isa = PBXBuildFile; fileRef = 8AF3E2342075A8DC00742B15 /* Assets.xcassets */; };
		8AF3E2382075A8DC00742B15 /* LaunchScreen.storyboard in Resources */ = {isa = PBXBuildFile; fileRef = 8AF3E2362075A8DC00742B15 /* LaunchScreen.storyboard */; };
		8AF3E2432075A8DC00742B15 /* ExpenseTrackerTests.swift in Sources */ = {isa = PBXBuildFile; fileRef = 8AF3E2422075A8DC00742B15 /* ExpenseTrackerTests.swift */; };
/* End PBXBuildFile section */

/* Begin PBXContainerItemProxy section */
		8AF3E23F2075A8DC00742B15 /* PBXContainerItemProxy */ = {
			isa = PBXContainerItemProxy;
			containerPortal = 8AF3E2222075A8DA00742B15 /* Project object */;
			proxyType = 1;
			remoteGlobalIDString = 8AF3E2292075A8DA00742B15;
			remoteInfo = ExpenseTracker;
		};
/* End PBXContainerItemProxy section */

/* Begin PBXFileReference section */
		8AF3E22A2075A8DA00742B15 /* ExpenseTracker.app */ = {isa = PBXFileReference; explicitFileType = wrapper.application; includeInIndex = 0; path = ExpenseTracker.app; sourceTree = BUILT_PRODUCTS_DIR; };
		8AF3E22D2075A8DB00742B15 /* AppDelegate.swift */ = {isa = PBXFileReference; lastKnownFileType = sourcecode.swift; path = AppDelegate.swift; sourceTree = "<group>"; };
		8AF3E22F2075A8DB00742B15 /* ViewController.swift */ = {isa = PBXFileReference; lastKnownFileType = sourcecode.swift; path = ViewController.swift; sourceTree = "<group>"; };
		8AF3E2322075A8DB00742B15 /* Base */ = {isa = PBXFileReference; lastKnownFileType = file.storyboard; name = Base; path = Base.lproj/Main.storyboard; sourceTree = "<group>"; };
		8AF3E2342075A8DC00742B15 /* Assets.xcassets */ = {isa = PBXFileReference; lastKnownFileType = folder.assetcatalog; path = Assets.xcassets; sourceTree = "<group>"; };
		8AF3E2372075A8DC00742B15 /* Base */ = {isa = PBXFileReference; lastKnownFileType = file.storyboard; name = Base; path = Base.lproj/LaunchScreen.storyboard; sourceTree = "<group>"; };
		8AF3E2392075A8DC00742B15 /* Info.plist */ = {isa = PBXFileReference; lastKnownFileType = text.plist.xml; path = Info.plist; sourceTree = "<group>"; };
		8AF3E23E2075A8DC00742B15 /* ExpenseTrackerTests.xctest */ = {isa = PBXFileReference; explicitFileType = wrapper.cfbundle; includeInIndex = 0; path = ExpenseTrackerTests.xctest; sourceTree = BUILT_PRODUCTS_DIR; };
		8AF3E2422075A8DC00742B15 /* ExpenseTrackerTests.swift */ = {isa = PBXFileReference; lastKnownFileType = sourcecode.swift; path = ExpenseTrackerTests.swift; sourceTree = "<group>"; };
		8AF3E2442075A8DC00742B15 /* Info.plist */ = {isa = PBXFileReference; lastKnownFileType = text.plist.xml; path = Info.plist; sourceTree = "<group>"; };
/* End PBXFileReference section */

/* Begin PBXFrameworksBuildPhase section */
		8AF3E2272075A8DA00742B15 /* Frameworks */ = {
			isa = PBXFrameworksBuildPhase;
			buildActionMask = 2147483647;
			files = (
			);
			runOnlyForDeploymentPostprocessing = 0;
		};
		8AF3E23B2075A8DC00742B15 /* Frameworks */ = {
			isa = PBXFrameworksBuildPhase;
			buildActionMask = 2147483647;
			files = (
			);
			runOnlyForDeploymentPostprocessing = 0;
		};
/* End PBXFrameworksBuildPhase section */

/* Begin PBXGroup section */
		8AF3E2212075A8DA00742B15 = {
			isa = PBXGroup;
			children = (
				8AF3E22C2075A8DA00742B15 /* ExpenseTracker */,
				8AF3E2412075A8DC00742B15 /* ExpenseTrackerTests */,
				8AF3E22B2075A8DA00742B15 /* Products */,
			);
			sourceTree = "<group>";
		};
		8AF3E22B2075A8DA00742B15 /* Products */ = {
			isa = PBXGroup;
			children = (
				8AF3E22A2075A8DA00742B15 /* ExpenseTracker.app */,
				8AF3E23E2075A8DC00742B15 /* ExpenseTrackerTests.xctest */,
			);
			name = Products;
			sourceTree = "<group>";
		};
		8AF3E22C2075A8DA00742B15 /* ExpenseTracker */ = {
			isa = PBXGroup;
			children = (
				8AF3E22D2075A8DB00742B15 /* AppDelegate.swift */,
				8AF3E22F2075A8DB00742B15 /* ViewController.swift */,
				8AF3E2312075A8DB00742B15 /* Main.storyboard */,
				8AF3E2342075A8DC00742B15 /* Assets.xcassets */,
				8AF3E2362075A8DC00742B15 /* LaunchScreen.storyboard */,
				8AF3E2392075A8DC00742B15 /* Info.plist */,
			);
			path = ExpenseTracker;
			sourceTree = "<group>";
		};
		8AF3E2412075A8DC00742B15 /* ExpenseTrackerTests */ = {
			isa = PBXGroup;
			children = (
				8AF3E2422075A8DC00742B15 /* ExpenseTrackerTests.swift */,
				8AF3E2442075A8DC00742B15 /* Info.plist */,
			);
			path = ExpenseTrackerTests;
			sourceTree = "<group>";
		};
/* End PBXGroup section */

/* Begin PBXNativeTarget section */
		8AF3E2292075A8DA00742B15 /* ExpenseTracker */ = {
			isa = PBXNativeTarget;
			buildConfigurationList = 8AF3E2472075A8DC00742B15 /* Build configuration list for PBXNativeTarget "ExpenseTracker" */;
			buildPhases = (
				8AF3E2262075A8DA00742B15 /* Sources */,
				8AF3E2272075A8DA00742B15 /* Frameworks */,
				8AF3E2282075A8DA00742B15 /* Resources */,
			);
			buildRules = (
			);
			dependencies = (
			);
			name = ExpenseTracker;
			productName = ExpenseTracker;
			productReference = 8AF3E22A2075A8DA00742B15 /* ExpenseTracker.app */;
			productType = "com.apple.product-type.application";
		};
		8AF3E23D2075A8DC00742B15 /* ExpenseTrackerTests */ = {
			isa = PBXNativeTarget;
			buildConfigurationList = 8AF3E24A2075A8DC00742B15 /* Build configuration list for PBXNativeTarget "ExpenseTrackerTests" */;
			buildPhases = (
				8AF3E23A2075A8DC00742B15 /* Sources */,
				8AF3E23B2075A8DC00742B15 /* Frameworks */,
				8AF3E23C2075A8DC00742B15 /* Resources */,
			);
			buildRules = (
			);
			dependencies = (
				8AF3E2402075A8DC00742B15 /* PBXTargetDependency */,
			);
			name = ExpenseTrackerTests;
			productName = ExpenseTrackerTests;
			productReference = 8AF3E23E2075A8DC00742B15 /* ExpenseTrackerTests.xctest */;
			productType = "com.apple.product-type.bundle.unit-test";
		};
/* End PBXNativeTarget section */

/* Begin PBXProject section */
		8AF3E2222075A8DA00742B15 /* Project object */ = {
			isa = PBXProject;
			attributes = {
				LastSwiftUpdateCheck = 0930;
				LastUpgradeCheck = 0930;
				ORGANIZATIONNAME = "Peter Alt";
				TargetAttributes = {
					8AF3E2292075A8DA00742B15 = {
						CreatedOnToolsVersion = 9.3;
					};
					8AF3E23D2075A8DC00742B15 = {
						CreatedOnToolsVersion = 9.3;
						TestTargetID = 8AF3E2292075A8DA00742B15;
					};
				};
			};
			buildConfigurationList = 8AF3E2252075A8DA00742B15 /* Build configuration list for PBXProject "ExpenseTracker" */;
			compatibilityVersion = "Xcode 9.3";
			developmentRegion = en;
			hasScannedForEncodings = 0;
			knownRegions = (
				en,
				Base,
			);
			mainGroup = 8AF3E2212075A8DA00742B15;
			productRefGroup = 8AF3E22B2075A8DA00742B15 /* Products */;
			projectDirPath = "";
			projectRoot = "";
			targets = (
				8AF3E2292075A8DA00742B15 /* ExpenseTracker */,
				8AF3E23D2075A8DC00742B15 /* ExpenseTrackerTests */,
			);
		};
/* End PBXProject section */

/* Begin PBXResourcesBuildPhase section */
		8AF3E2282075A8DA00742B15 /* Resources */ = {
			isa = PBXResourcesBuildPhase;
			buildActionMask = 2147483647;
			files = (
				8AF3E2382075A8DC00742B15 /* LaunchScreen.storyboard in Resources */,
				8AF3E2352075A8DC00742B15 /* Assets.xcassets in Resources */,
				8AF3E2332075A8DB00742B15 /* Main.storyboard in Resources */,
			);
			runOnlyForDeploymentPostprocessing = 0;
		};
		8AF3E23C2075A8DC00742B15 /* Resources */ = {
			isa = PBXResourcesBuildPhase;
			buildActionMask = 2147483647;
			files = (
			);
			runOnlyForDeploymentPostprocessing = 0;
		};
/* End PBXResourcesBuildPhase section */

/* Begin PBXSourcesBuildPhase section */
		8AF3E2262075A8DA00742B15 /* Sources */ = {
			isa = PBXSourcesBuildPhase;
			buildActionMask = 2147483647;
			files = (
				8AF3E2302075A8DB00742B15 /* ViewController.swift in Sources */,
				8AF3E22E2075A8DB00742B15 /* AppDelegate.swift in Sources */,
			);
			runOnlyForDeploymentPostprocessing = 0;
		};
		8AF3E23A2075A8DC00742B15 /* Sources */ = {
			isa = PBXSourcesBuildPhase;
			buildActionMask = 2147483647;
			files = (
				8AF3E2432075A8DC00742B15 /* ExpenseTrackerTests.swift in Sources */,
			);
			runOnlyForDeploymentPostprocessing = 0;
		};
/* End PBXSourcesBuildPhase section */

/* Begin PBXTargetDependency section */
		8AF3E2402075A8DC00742B15 /* PBXTargetDependency */ = {
			isa = PBXTargetDependency;
			target = 8AF3E2292075A8DA00742B15 /* ExpenseTracker */;
			targetProxy = 8AF3E23F2075A8DC00742B15 /* PBXContainerItemProxy */;
		};
/* End PBXTargetDependency section */

/* Begin PBXVariantGroup section */
		8AF3E2312075A8DB00742B15 /* Main.storyboard */ = {
			isa = PBXVariantGroup;
			children = (
				8AF3E2322075A8DB00742B15 /* Base */,
			);
			name = Main.storyboard;
			sourceTree = "<group>";
		};
		8AF3E2362075A8DC00742B15 /* LaunchScreen.storyboard */ = {
			isa = PBXVariantGroup;
			children = (
				8AF3E2372075A8DC00742B15 /* Base */,
			);
			name = LaunchScreen.storyboard;
			sourceTree = "<group>";
		};
/* End PBXVariantGroup section */

/* Begin XCBuildConfiguration section */
		8AF3E2452075A8DC00742B15 /* Debug */ = {
			isa = XCBuildConfiguration;
			buildSettings = {
				ALWAYS_SEARCH_USER_PATHS = NO;
				CLANG_ANALYZER_NONNULL = YES;
				CLANG_ANALYZER_NUMBER_OBJECT_CONVERSION = YES_AGGRESSIVE;
				CLANG_CXX_LANGUAGE_STANDARD = "gnu++14";
				CLANG_CXX_LIBRARY = "libc++";
				CLANG_ENABLE_MODULES = YES;
				CLANG_ENABLE_OBJC_ARC = YES;
				CLANG_ENABLE_OBJC_WEAK = YES;
				CLANG_WARN_BLOCK_CAPTURE_AUTORELEASING = YES;
				CLANG_WARN_BOOL_CONVERSION = YES;
				CLANG_WARN_COMMA = YES;
				CLANG_WARN_CONSTANT_CONVERSION = YES;
				CLANG_WARN_DEPRECATED_OBJC_IMPLEMENTATIONS = YES;
				CLANG_WARN_DIRECT_OBJC_ISA_USAGE = YES_ERROR;
				CLANG_WARN_DOCUMENTATION_COMMENTS = YES;
				CLANG_WARN_EMPTY_BODY = YES;
				CLANG_WARN_ENUM_CONVERSION = YES;
				CLANG_WARN_INFINITE_RECURSION = YES;
				CLANG_WARN_INT_CONVERSION = YES;
				CLANG_WARN_NON_LITERAL_NULL_CONVERSION = YES;
				CLANG_WARN_OBJC_IMPLICIT_RETAIN_SELF = YES;
				CLANG_WARN_OBJC_LITERAL_CONVERSION = YES;
				CLANG_WARN_OBJC_ROOT_CLASS = YES_ERROR;
				CLANG_WARN_RANGE_LOOP_ANALYSIS = YES;
				CLANG_WARN_STRICT_PROTOTYPES = YES;
				CLANG_WARN_SUSPICIOUS_MOVE = YES;
				CLANG_WARN_UNGUARDED_AVAILABILITY = YES_AGGRESSIVE;
				CLANG_WARN_UNREACHABLE_CODE = YES;
				CLANG_WARN__DUPLICATE_METHOD_MATCH = YES;
				CODE_SIGN_IDENTITY = "iPhone Developer";
				COPY_PHASE_STRIP = NO;
				DEBUG_INFORMATION_FORMAT = dwarf;
				ENABLE_STRICT_OBJC_MSGSEND = YES;
				ENABLE_TESTABILITY = YES;
				GCC_C_LANGUAGE_STANDARD = gnu11;
				GCC_DYNAMIC_NO_PIC = NO;
				GCC_NO_COMMON_BLOCKS = YES;
				GCC_OPTIMIZATION_LEVEL = 0;
				GCC_PREPROCESSOR_DEFINITIONS = (
					"DEBUG=1",
					"$(inherited)",
				);
				GCC_WARN_64_TO_32_BIT_CONVERSION = YES;
				GCC_WARN_ABOUT_RETURN_TYPE = YES_ERROR;
				GCC_WARN_UNDECLARED_SELECTOR = YES;
				GCC_WARN_UNINITIALIZED_AUTOS = YES_AGGRESSIVE;
				GCC_WARN_UNUSED_FUNCTION = YES;
				GCC_WARN_UNUSED_VARIABLE = YES;
				IPHONEOS_DEPLOYMENT_TARGET = 11.3;
				MTL_ENABLE_DEBUG_INFO = YES;
				ONLY_ACTIVE_ARCH = YES;
				SDKROOT = iphoneos;
				SWIFT_ACTIVE_COMPILATION_CONDITIONS = DEBUG;
				SWIFT_OPTIMIZATION_LEVEL = "-Onone";
			};
			name = Debug;
		};
		8AF3E2462075A8DC00742B15 /* Release */ = {
			isa = XCBuildConfiguration;
			buildSettings = {
				ALWAYS_SEARCH_USER_PATHS = NO;
				CLANG_ANALYZER_NONNULL = YES;
				CLANG_ANALYZER_NUMBER_OBJECT_CONVERSION = YES_AGGRESSIVE;
				CLANG_CXX_LANGUAGE_STANDARD = "gnu++14";
				CLANG_CXX_LIBRARY = "libc++";
				CLANG_ENABLE_MODULES = YES;
				CLANG_ENABLE_OBJC_ARC = YES;
				CLANG_ENABLE_OBJC_WEAK = YES;
				CLANG_WARN_BLOCK_CAPTURE_AUTORELEASING = YES;
				CLANG_WARN_BOOL_CONVERSION = YES;
				CLANG_WARN_COMMA = YES;
				CLANG_WARN_CONSTANT_CONVERSION = YES;
				CLANG_WARN_DEPRECATED_OBJC_IMPLEMENTATIONS = YES;
				CLANG_WARN_DIRECT_OBJC_ISA_USAGE = YES_ERROR;
				CLANG_WARN_DOCUMENTATION_COMMENTS = YES;
				CLANG_WARN_EMPTY_BODY = YES;
				CLANG_WARN_ENUM_CONVERSION = YES;
				CLANG_WARN_INFINITE_RECURSION = YES;
				CLANG_WARN_INT_CONVERSION = YES;
				CLANG_WARN_NON_LITERAL_NULL_CONVERSION = YES;
				CLANG_WARN_OBJC_IMPLICIT_RETAIN_SELF = YES;
				CLANG_WARN_OBJC_LITERAL_CONVERSION = YES;
				CLANG_WARN_OBJC_ROOT_CLASS = YES_ERROR;
				CLANG_WARN_RANGE_LOOP_ANALYSIS = YES;
				CLANG_WARN_STRICT_PROTOTYPES = YES;
				CLANG_WARN_SUSPICIOUS_MOVE = YES;
				CLANG_WARN_UNGUARDED_AVAILABILITY = YES_AGGRESSIVE;
				CLANG_WARN_UNREACHABLE_CODE = YES;
				CLANG_WARN__DUPLICATE_METHOD_MATCH = YES;
				CODE_SIGN_IDENTITY = "iPhone Developer";
				COPY_PHASE_STRIP = NO;
				DEBUG_INFORMATION_FORMAT = "dwarf-with-dsym";
				ENABLE_NS_ASSERTIONS = NO;
				ENABLE_STRICT_OBJC_MSGSEND = YES;
				GCC_C_LANGUAGE_STANDARD = gnu11;
				GCC_NO_COMMON_BLOCKS = YES;
				GCC_WARN_64_TO_32_BIT_CONVERSION = YES;
				GCC_WARN_ABOUT_RETURN_TYPE = YES_ERROR;
				GCC_WARN_UNDECLARED_SELECTOR = YES;
				GCC_WARN_UNINITIALIZED_AUTOS = YES_AGGRESSIVE;
				GCC_WARN_UNUSED_FUNCTION = YES;
				GCC_WARN_UNUSED_VARIABLE = YES;
				IPHONEOS_DEPLOYMENT_TARGET = 11.3;
				MTL_ENABLE_DEBUG_INFO = NO;
				SDKROOT = iphoneos;
				SWIFT_COMPILATION_MODE = wholemodule;
				SWIFT_OPTIMIZATION_LEVEL = "-O";
				VALIDATE_PRODUCT = YES;
			};
			name = Release;
		};
		8AF3E2482075A8DC00742B15 /* Debug */ = {
			isa = XCBuildConfiguration;
			buildSettings = {
				ASSETCATALOG_COMPILER_APPICON_NAME = AppIcon;
				CODE_SIGN_STYLE = Automatic;
				DEVELOPMENT_TEAM = GYM5NHJ654;
				INFOPLIST_FILE = ExpenseTracker/Info.plist;
				LD_RUNPATH_SEARCH_PATHS = (
					"$(inherited)",
					"@executable_path/Frameworks",
				);
				PRODUCT_BUNDLE_IDENTIFIER = com.peteralt.ExpenseTracker;
				PRODUCT_NAME = "$(TARGET_NAME)";
				SWIFT_VERSION = 4.0;
				TARGETED_DEVICE_FAMILY = "1,2";
			};
			name = Debug;
		};
		8AF3E2492075A8DC00742B15 /* Release */ = {
			isa = XCBuildConfiguration;
			buildSettings = {
				ASSETCATALOG_COMPILER_APPICON_NAME = AppIcon;
				CODE_SIGN_STYLE = Automatic;
				DEVELOPMENT_TEAM = GYM5NHJ654;
				INFOPLIST_FILE = ExpenseTracker/Info.plist;
				LD_RUNPATH_SEARCH_PATHS = (
					"$(inherited)",
					"@executable_path/Frameworks",
				);
				PRODUCT_BUNDLE_IDENTIFIER = com.peteralt.ExpenseTracker;
				PRODUCT_NAME = "$(TARGET_NAME)";
				SWIFT_VERSION = 4.0;
				TARGETED_DEVICE_FAMILY = "1,2";
			};
			name = Release;
		};
		8AF3E24B2075A8DC00742B15 /* Debug */ = {
			isa = XCBuildConfiguration;
			buildSettings = {
				ALWAYS_EMBED_SWIFT_STANDARD_LIBRARIES = YES;
				BUNDLE_LOADER = "$(TEST_HOST)";
				CODE_SIGN_STYLE = Automatic;
				DEVELOPMENT_TEAM = GYM5NHJ654;
				INFOPLIST_FILE = ExpenseTrackerTests/Info.plist;
				LD_RUNPATH_SEARCH_PATHS = (
					"$(inherited)",
					"@executable_path/Frameworks",
					"@loader_path/Frameworks",
				);
				PRODUCT_BUNDLE_IDENTIFIER = com.peteralt.ExpenseTrackerTests;
				PRODUCT_NAME = "$(TARGET_NAME)";
				SWIFT_VERSION = 4.0;
				TARGETED_DEVICE_FAMILY = "1,2";
				TEST_HOST = "$(BUILT_PRODUCTS_DIR)/ExpenseTracker.app/ExpenseTracker";
			};
			name = Debug;
		};
		8AF3E24C2075A8DC00742B15 /* Release */ = {
			isa = XCBuildConfiguration;
			buildSettings = {
				ALWAYS_EMBED_SWIFT_STANDARD_LIBRARIES = YES;
				BUNDLE_LOADER = "$(TEST_HOST)";
				CODE_SIGN_STYLE = Automatic;
				DEVELOPMENT_TEAM = GYM5NHJ654;
				INFOPLIST_FILE = ExpenseTrackerTests/Info.plist;
				LD_RUNPATH_SEARCH_PATHS = (
					"$(inherited)",
					"@executable_path/Frameworks",
					"@loader_path/Frameworks",
				);
				PRODUCT_BUNDLE_IDENTIFIER = com.peteralt.ExpenseTrackerTests;
				PRODUCT_NAME = "$(TARGET_NAME)";
				SWIFT_VERSION = 4.0;
				TARGETED_DEVICE_FAMILY = "1,2";
				TEST_HOST = "$(BUILT_PRODUCTS_DIR)/ExpenseTracker.app/ExpenseTracker";
			};
			name = Release;
		};
/* End XCBuildConfiguration section */

/* Begin XCConfigurationList section */
		8AF3E2252075A8DA00742B15 /* Build configuration list for PBXProject "ExpenseTracker" */ = {
			isa = XCConfigurationList;
			buildConfigurations = (
				8AF3E2452075A8DC00742B15 /* Debug */,
				8AF3E2462075A8DC00742B15 /* Release */,
			);
			defaultConfigurationIsVisible = 0;
			defaultConfigurationName = Release;
		};
		8AF3E2472075A8DC00742B15 /* Build configuration list for PBXNativeTarget "ExpenseTracker" */ = {
			isa = XCConfigurationList;
			buildConfigurations = (
				8AF3E2482075A8DC00742B15 /* Debug */,
				8AF3E2492075A8DC00742B15 /* Release */,
			);
			defaultConfigurationIsVisible = 0;
			defaultConfigurationName = Release;
		};
		8AF3E24A2075A8DC00742B15 /* Build configuration list for PBXNativeTarget "ExpenseTrackerTests" */ = {
			isa = XCConfigurationList;
			buildConfigurations = (
				8AF3E24B2075A8DC00742B15 /* Debug */,
				8AF3E24C2075A8DC00742B15 /* Release */,
			);
			defaultConfigurationIsVisible = 0;
			defaultConfigurationName = Release;
		};
/* End XCConfigurationList section */
	};
	rootObject = 8AF3E2222075A8DA00742B15 /* Project object */;
}
